GEM
  remote: https://rubygems.org/
  specs:
    base64 (0.3.0)
    colorize (1.1.0)
    domain_name (0.5.20190701)
      unf (>= 0.0.5, < 1.0.0)
    http-accept (1.7.0)
    http-cookie (1.0.5)
      domain_name (~> 0.5)
    jaro_winkler (1.7.0)
    logger (1.7.0)
    mime-types (3.5.1)
      mime-types-data (~> 3.2015)
    mime-types-data (3.2023.0808)
    netrc (0.11.0)
    rest-client (2.1.0)
      http-accept (>= 1.7.0, < 2.0)
      http-cookie (>= 1.0.2, < 2.0)
      mime-types (>= 1.16, < 4.0)
      netrc (~> 0.8)
    rexml (3.4.4)
    rubyzip (3.7.0)
    selenium-webdriver (4.49.0)
      base64 (~> 0.2)
      logger (~> 1.4)
      rexml (~> 3.2, >= 3.2.5)
      rubyzip (>= 1.2.2, < 4.0)
      websocket (~> 1.0)
    unf (0.1.4)
      unf_ext
    unf_ext (0.0.8.2)
    websocket (1.2.11)

PLATFORMS
  arm64-darwin-22
  arm64-darwin-23
  arm64-darwin-27

DEPENDENCIES
  colorize
  jaro_winkler
  rest-client
  selenium-webdriver

RUBY VERSION
   ruby 4.0.7p0

BUNDLED WITH
   2.4.19
